
Microsoft Visual Studio Solution File, Format Version 12.00
# Visual Studio 15
VisualStudioVersion = 15.0.28010.2003
MinimumVisualStudioVersion = 10.0.40219.1
Project("{FAE04EC0-301F-11D3-BF4B-00C04F79EFBC}") = "FunctionAppHelloWorld", "FunctionAppHelloWorld\FunctionAppHelloWorld.csproj", "{FB907AB6-DEED-40DB-81C5-858549A18E3C}"
EndProject
Global
	GlobalSection(SolutionConfigurationPlatforms) = preSolution
		Debug|Any CPU = Debug|Any CPU
		Release|Any CPU = Release|Any CPU
	EndGlobalSection
	GlobalSection(ProjectConfigurationPlatforms) = postSolution
		{FB907AB6-DEED-40DB-81C5-858549A18E3C}.Debug|Any CPU.ActiveCfg = Debug|Any CPU
		{FB907AB6-DEED-40DB-81C5-858549A18E3C}.Debug|Any CPU.Build.0 = Debug|Any CPU
		{FB907AB6-DEED-40DB-81C5-858549A18E3C}.Release|Any CPU.ActiveCfg = Release|Any CPU
		{FB907AB6-DEED-40DB-81C5-858549A18E3C}.Release|Any CPU.Build.0 = Release|Any CPU
	EndGlobalSection
	GlobalSection(SolutionProperties) = preSolution
		HideSolutionNode = FALSE
	EndGlobalSection
	GlobalSection(ExtensibilityGlobals) = postSolution
		SolutionGuid = {7D44ADD6-8DEE-4EB1-83A8-EAE11B7F38E2}
	EndGlobalSection
EndGlobal
